
Microsoft Visual Studio Solution File, Format Version 12.00
# Visual Studio Version 17
VisualStudioVersion = 17.13.35919.96 d17.13
MinimumVisualStudioVersion = 10.0.40219.1
Project("{FAE04EC0-301F-11D3-BF4B-00C04F79EFBC}") = "AccelerateGrowth", "AccelerateGrowth\AccelerateGrowth.csproj", "{C938713E-FA0B-47DD-86B1-0F7599226EF1}"
EndProject
Global
	GlobalSection(SolutionConfigurationPlatforms) = preSolution
		Debug|x64 = Debug|x64
		Release|x64 = Release|x64
	EndGlobalSection
	GlobalSection(ProjectConfigurationPlatforms) = postSolution
		{C938713E-FA0B-47DD-86B1-0F7599226EF1}.Debug|x64.ActiveCfg = Debug|x64
		{C938713E-FA0B-47DD-86B1-0F7599226EF1}.Debug|x64.Build.0 = Debug|x64
		{C938713E-FA0B-47DD-86B1-0F7599226EF1}.Release|x64.ActiveCfg = Release|x64
		{C938713E-FA0B-47DD-86B1-0F7599226EF1}.Release|x64.Build.0 = Release|x64
	EndGlobalSection
	GlobalSection(SolutionProperties) = preSolution
		HideSolutionNode = FALSE
	EndGlobalSection
	GlobalSection(ExtensibilityGlobals) = postSolution
		SolutionGuid = {1145EBB5-93D1-4F0B-8F2F-1375C9069D18}
	EndGlobalSection
EndGlobal
